
Microsoft Visual Studio Solution File, Format Version 12.00
# Visual Studio Version 16
VisualStudioVersion = 16.0.29519.87
MinimumVisualStudioVersion = 10.0.40219.1
Project("{9A19103F-16F7-4668-BE54-9A1E7A4F7556}") = "Messaging", "Messaging\Messaging.csproj", "{271E6F63-55A3-4519-8C6B-51BF6C4F0DEF}"
EndProject
Project("{9A19103F-16F7-4668-BE54-9A1E7A4F7556}") = "Server", "Server\Server.csproj", "{1EA4BCCA-A0C5-4A3D-AF39-C0EE2F0E5016}"
EndProject
Project("{9A19103F-16F7-4668-BE54-9A1E7A4F7556}") = "Client", "Client\Client.csproj", "{3918C6CD-7123-47CA-BCA8-A46A7B89B18F}"
EndProject
Project("{FAE04EC0-301F-11D3-BF4B-00C04F79EFBC}") = "Transport", "Transport\Transport.csproj", "{050D8182-0532-457A-8CA8-EA4AE665B337}"
EndProject
Global
	GlobalSection(SolutionConfigurationPlatforms) = preSolution
		Debug|Any CPU = Debug|Any CPU
		Release|Any CPU = Release|Any CPU
	EndGlobalSection
	GlobalSection(ProjectConfigurationPlatforms) = postSolution
		{271E6F63-55A3-4519-8C6B-51BF6C4F0DEF}.Debug|Any CPU.ActiveCfg = Debug|Any CPU
		{271E6F63-55A3-4519-8C6B-51BF6C4F0DEF}.Debug|Any CPU.Build.0 = Debug|Any CPU
		{271E6F63-55A3-4519-8C6B-51BF6C4F0DEF}.Release|Any CPU.ActiveCfg = Release|Any CPU
		{271E6F63-55A3-4519-8C6B-51BF6C4F0DEF}.Release|Any CPU.Build.0 = Release|Any CPU
		{1EA4BCCA-A0C5-4A3D-AF39-C0EE2F0E5016}.Debug|Any CPU.ActiveCfg = Debug|Any CPU
		{1EA4BCCA-A0C5-4A3D-AF39-C0EE2F0E5016}.Debug|Any CPU.Build.0 = Debug|Any CPU
		{1EA4BCCA-A0C5-4A3D-AF39-C0EE2F0E5016}.Release|Any CPU.ActiveCfg = Release|Any CPU
		{1EA4BCCA-A0C5-4A3D-AF39-C0EE2F0E5016}.Release|Any CPU.Build.0 = Release|Any CPU
		{3918C6CD-7123-47CA-BCA8-A46A7B89B18F}.Debug|Any CPU.ActiveCfg = Debug|Any CPU
		{3918C6CD-7123-47CA-BCA8-A46A7B89B18F}.Debug|Any CPU.Build.0 = Debug|Any CPU
		{3918C6CD-7123-47CA-BCA8-A46A7B89B18F}.Release|Any CPU.ActiveCfg = Release|Any CPU
		{3918C6CD-7123-47CA-BCA8-A46A7B89B18F}.Release|Any CPU.Build.0 = Release|Any CPU
		{050D8182-0532-457A-8CA8-EA4AE665B337}.Debug|Any CPU.ActiveCfg = Debug|Any CPU
		{050D8182-0532-457A-8CA8-EA4AE665B337}.Debug|Any CPU.Build.0 = Debug|Any CPU
		{050D8182-0532-457A-8CA8-EA4AE665B337}.Release|Any CPU.ActiveCfg = Release|Any CPU
		{050D8182-0532-457A-8CA8-EA4AE665B337}.Release|Any CPU.Build.0 = Release|Any CPU
	EndGlobalSection
	GlobalSection(SolutionProperties) = preSolution
		HideSolutionNode = FALSE
	EndGlobalSection
	GlobalSection(ExtensibilityGlobals) = postSolution
		SolutionGuid = {5A6CFB73-B750-4182-9217-373754BAA50A}
	EndGlobalSection
EndGlobal
